{
  "name": "homey-signals-sniffer",
  "version": "1.0.0",
  "lockfileVersion": 1,
  "requires": true,
  "dependencies": {
    "athom-api": {
      "version": "2.0.50",
      "resolved": "https://registry.npmjs.org/athom-api/-/athom-api-2.0.50.tgz",
      "integrity": "sha512-9SmGYRu+m1UGq/vfwvrqjXZ9Eo7chuqp6cqUEqv4T3EHK6yyQ1OCDRn+wLgJSXNEgDug+LofICr+bbGVSX0LXg=="
    },
    "dotenv": {
      "version": "4.0.0",
      "resolved": "https://registry.npmjs.org/dotenv/-/dotenv-4.0.0.tgz",
      "integrity": "sha1-hk7xN5rO1Vzm+V3r7NzhefegzR0="
    }
  }
}
